
Microsoft Visual Studio Solution File, Format Version 12.00
# Visual Studio Version 16
VisualStudioVersion = 16.0.31424.327
MinimumVisualStudioVersion = 10.0.40219.1
Project("{FAE04EC0-301F-11D3-BF4B-00C04F79EFBC}") = "MichalPawlowskiLab1_Zad1", "MichalPawlowskiLab1_Zad1\MichalPawlowskiLab1_Zad1.csproj", "{E7B18BA2-F125-4EBA-818F-EC2E2BF60891}"
EndProject
Global
	GlobalSection(SolutionConfigurationPlatforms) = preSolution
		Debug|Any CPU = Debug|Any CPU
		Release|Any CPU = Release|Any CPU
	EndGlobalSection
	GlobalSection(ProjectConfigurationPlatforms) = postSolution
		{E7B18BA2-F125-4EBA-818F-EC2E2BF60891}.Debug|Any CPU.ActiveCfg = Debug|Any CPU
		{E7B18BA2-F125-4EBA-818F-EC2E2BF60891}.Debug|Any CPU.Build.0 = Debug|Any CPU
		{E7B18BA2-F125-4EBA-818F-EC2E2BF60891}.Release|Any CPU.ActiveCfg = Release|Any CPU
		{E7B18BA2-F125-4EBA-818F-EC2E2BF60891}.Release|Any CPU.Build.0 = Release|Any CPU
	EndGlobalSection
	GlobalSection(SolutionProperties) = preSolution
		HideSolutionNode = FALSE
	EndGlobalSection
	GlobalSection(ExtensibilityGlobals) = postSolution
		SolutionGuid = {B6C4AE2E-2F4E-40F4-9953-C383235EB529}
	EndGlobalSection
EndGlobal
